// !$*UTF8*$!
{
	archiveVersion = 1;
	classes = {
	};
	objectVersion = 50;
	objects = {

/* Begin PBXBuildFile section */
		CEF117E726F08C7200421313 /* AppDelegate.swift in Sources */ = {isa = PBXBuildFile; fileRef = CEF117E626F08C7200421313 /* AppDelegate.swift */; };
		CEF117E926F08C7200421313 /* ViewController.swift in Sources */ = {isa = PBXBuildFile; fileRef = CEF117E826F08C7200421313 /* ViewController.swift */; };
		CEF117EC26F08C7200421313 /* Main.storyboard in Resources */ = {isa = PBXBuildFile; fileRef = CEF117EA26F08C7200421313 /* Main.storyboard */; };
		CEF117EE26F08C7300421313 /* Assets.xcassets in Resources */ = {isa = PBXBuildFile; fileRef = CEF117ED26F08C7300421313 /* Assets.xcassets */; };
		CEF117F126F08C7300421313 /* LaunchScreen.storyboard in Resources */ = {isa = PBXBuildFile; fileRef = CEF117EF26F08C7300421313 /* LaunchScreen.storyboard */; };
		CEF117FC26F08C7400421313 /* m7Tests.swift in Sources */ = {isa = PBXBuildFile; fileRef = CEF117FB26F08C7400421313 /* m7Tests.swift */; };
		CEF1180726F08C7400421313 /* m7UITests.swift in Sources */ = {isa = PBXBuildFile; fileRef = CEF1180626F08C7400421313 /* m7UITests.swift */; };
/* End PBXBuildFile section */

/* Begin PBXContainerItemProxy section */
		CEF117F826F08C7400421313 /* PBXContainerItemProxy */ = {
			isa = PBXContainerItemProxy;
			containerPortal = CEF117DB26F08C7200421313 /* Project object */;
			proxyType = 1;
			remoteGlobalIDString = CEF117E226F08C7200421313;
			remoteInfo = m7;
		};
		CEF1180326F08C7400421313 /* PBXContainerItemProxy */ = {
			isa = PBXContainerItemProxy;
			containerPortal = CEF117DB26F08C7200421313 /* Project object */;
			proxyType = 1;
			remoteGlobalIDString = CEF117E226F08C7200421313;
			remoteInfo = m7;
		};
/* End PBXContainerItemProxy section */

/* Begin PBXFileReference section */
		CEF117E326F08C7200421313 /* m7.app */ = {isa = PBXFileReference; explicitFileType = wrapper.application; includeInIndex = 0; path = m7.app; sourceTree = BUILT_PRODUCTS_DIR; };
		CEF117E626F08C7200421313 /* AppDelegate.swift */ = {isa = PBXFileReference; lastKnownFileType = sourcecode.swift; path = AppDelegate.swift; sourceTree = "<group>"; };
		CEF117E826F08C7200421313 /* ViewController.swift */ = {isa = PBXFileReference; lastKnownFileType = sourcecode.swift; path = ViewController.swift; sourceTree = "<group>"; };
		CEF117EB26F08C7200421313 /* Base */ = {isa = PBXFileReference; lastKnownFileType = file.storyboard; name = Base; path = Base.lproj/Main.storyboard; sourceTree = "<group>"; };
		CEF117ED26F08C7300421313 /* Assets.xcassets */ = {isa = PBXFileReference; lastKnownFileType = folder.assetcatalog; path = Assets.xcassets; sourceTree = "<group>"; };
		CEF117F026F08C7300421313 /* Base */ = {isa = PBXFileReference; lastKnownFileType = file.storyboard; name = Base; path = Base.lproj/LaunchScreen.storyboard; sourceTree = "<group>"; };
		CEF117F226F08C7300421313 /* Info.plist */ = {isa = PBXFileReference; lastKnownFileType = text.plist.xml; path = Info.plist; sourceTree = "<group>"; };
		CEF117F726F08C7400421313 /* m7Tests.xctest */ = {isa = PBXFileReference; explicitFileType = wrapper.cfbundle; includeInIndex = 0; path = m7Tests.xctest; sourceTree = BUILT_PRODUCTS_DIR; };
		CEF117FB26F08C7400421313 /* m7Tests.swift */ = {isa = PBXFileReference; lastKnownFileType = sourcecode.swift; path = m7Tests.swift; sourceTree = "<group>"; };
		CEF117FD26F08C7400421313 /* Info.plist */ = {isa = PBXFileReference; lastKnownFileType = text.plist.xml; path = Info.plist; sourceTree = "<group>"; };
		CEF1180226F08C7400421313 /* m7UITests.xctest */ = {isa = PBXFileReference; explicitFileType = wrapper.cfbundle; includeInIndex = 0; path = m7UITests.xctest; sourceTree = BUILT_PRODUCTS_DIR; };
		CEF1180626F08C7400421313 /* m7UITests.swift */ = {isa = PBXFileReference; lastKnownFileType = sourcecode.swift; path = m7UITests.swift; sourceTree = "<group>"; };
		CEF1180826F08C7400421313 /* Info.plist */ = {isa = PBXFileReference; lastKnownFileType = text.plist.xml; path = Info.plist; sourceTree = "<group>"; };
/* End PBXFileReference section */

/* Begin PBXFrameworksBuildPhase section */
		CEF117E026F08C7200421313 /* Frameworks */ = {
			isa = PBXFrameworksBuildPhase;
			buildActionMask = 2147483647;
			files = (
			);
			runOnlyForDeploymentPostprocessing = 0;
		};
		CEF117F426F08C7400421313 /* Frameworks */ = {
			isa = PBXFrameworksBuildPhase;
			buildActionMask = 2147483647;
			files = (
			);
			runOnlyForDeploymentPostprocessing = 0;
		};
		CEF117FF26F08C7400421313 /* Frameworks */ = {
			isa = PBXFrameworksBuildPhase;
			buildActionMask = 2147483647;
			files = (
			);
			runOnlyForDeploymentPostprocessing = 0;
		};
/* End PBXFrameworksBuildPhase section */

/* Begin PBXGroup section */
		CEF117DA26F08C7200421313 = {
			isa = PBXGroup;
			children = (
				CEF117E526F08C7200421313 /* m7 */,
				CEF117FA26F08C7400421313 /* m7Tests */,
				CEF1180526F08C7400421313 /* m7UITests */,
				CEF117E426F08C7200421313 /* Products */,
			);
			sourceTree = "<group>";
		};
		CEF117E426F08C7200421313 /* Products */ = {
			isa = PBXGroup;
			children = (
				CEF117E326F08C7200421313 /* m7.app */,
				CEF117F726F08C7400421313 /* m7Tests.xctest */,
				CEF1180226F08C7400421313 /* m7UITests.xctest */,
			);
			name = Products;
			sourceTree = "<group>";
		};
		CEF117E526F08C7200421313 /* m7 */ = {
			isa = PBXGroup;
			children = (
				CEF117E626F08C7200421313 /* AppDelegate.swift */,
				CEF117E826F08C7200421313 /* ViewController.swift */,
				CEF117EA26F08C7200421313 /* Main.storyboard */,
				CEF117ED26F08C7300421313 /* Assets.xcassets */,
				CEF117EF26F08C7300421313 /* LaunchScreen.storyboard */,
				CEF117F226F08C7300421313 /* Info.plist */,
			);
			path = m7;
			sourceTree = "<group>";
		};
		CEF117FA26F08C7400421313 /* m7Tests */ = {
			isa = PBXGroup;
			children = (
				CEF117FB26F08C7400421313 /* m7Tests.swift */,
				CEF117FD26F08C7400421313 /* Info.plist */,
			);
			path = m7Tests;
			sourceTree = "<group>";
		};
		CEF1180526F08C7400421313 /* m7UITests */ = {
			isa = PBXGroup;
			children = (
				CEF1180626F08C7400421313 /* m7UITests.swift */,
				CEF1180826F08C7400421313 /* Info.plist */,
			);
			path = m7UITests;
			sourceTree = "<group>";
		};
/* End PBXGroup section */

/* Begin PBXNativeTarget section */
		CEF117E226F08C7200421313 /* m7 */ = {
			isa = PBXNativeTarget;
			buildConfigurationList = CEF1180B26F08C7400421313 /* Build configuration list for PBXNativeTarget "m7" */;
			buildPhases = (
				CEF117DF26F08C7200421313 /* Sources */,
				CEF117E026F08C7200421313 /* Frameworks */,
				CEF117E126F08C7200421313 /* Resources */,
			);
			buildRules = (
			);
			dependencies = (
			);
			name = m7;
			productName = m7;
			productReference = CEF117E326F08C7200421313 /* m7.app */;
			productType = "com.apple.product-type.application";
		};
		CEF117F626F08C7400421313 /* m7Tests */ = {
			isa = PBXNativeTarget;
			buildConfigurationList = CEF1180E26F08C7400421313 /* Build configuration list for PBXNativeTarget "m7Tests" */;
			buildPhases = (
				CEF117F326F08C7400421313 /* Sources */,
				CEF117F426F08C7400421313 /* Frameworks */,
				CEF117F526F08C7400421313 /* Resources */,
			);
			buildRules = (
			);
			dependencies = (
				CEF117F926F08C7400421313 /* PBXTargetDependency */,
			);
			name = m7Tests;
			productName = m7Tests;
			productReference = CEF117F726F08C7400421313 /* m7Tests.xctest */;
			productType = "com.apple.product-type.bundle.unit-test";
		};
		CEF1180126F08C7400421313 /* m7UITests */ = {
			isa = PBXNativeTarget;
			buildConfigurationList = CEF1181126F08C7400421313 /* Build configuration list for PBXNativeTarget "m7UITests" */;
			buildPhases = (
				CEF117FE26F08C7400421313 /* Sources */,
				CEF117FF26F08C7400421313 /* Frameworks */,
				CEF1180026F08C7400421313 /* Resources */,
			);
			buildRules = (
			);
			dependencies = (
				CEF1180426F08C7400421313 /* PBXTargetDependency */,
			);
			name = m7UITests;
			productName = m7UITests;
			productReference = CEF1180226F08C7400421313 /* m7UITests.xctest */;
			productType = "com.apple.product-type.bundle.ui-testing";
		};
/* End PBXNativeTarget section */

/* Begin PBXProject section */
		CEF117DB26F08C7200421313 /* Project object */ = {
			isa = PBXProject;
			attributes = {
				LastSwiftUpdateCheck = 1020;
				LastUpgradeCheck = 1020;
				ORGANIZATIONNAME = Skillbox;
				TargetAttributes = {
					CEF117E226F08C7200421313 = {
						CreatedOnToolsVersion = 10.2.1;
					};
					CEF117F626F08C7400421313 = {
						CreatedOnToolsVersion = 10.2.1;
						TestTargetID = CEF117E226F08C7200421313;
					};
					CEF1180126F08C7400421313 = {
						CreatedOnToolsVersion = 10.2.1;
						TestTargetID = CEF117E226F08C7200421313;
					};
				};
			};
			buildConfigurationList = CEF117DE26F08C7200421313 /* Build configuration list for PBXProject "m7" */;
			compatibilityVersion = "Xcode 9.3";
			developmentRegion = en;
			hasScannedForEncodings = 0;
			knownRegions = (
				en,
				Base,
			);
			mainGroup = CEF117DA26F08C7200421313;
			productRefGroup = CEF117E426F08C7200421313 /* Products */;
			projectDirPath = "";
			projectRoot = "";
			targets = (
				CEF117E226F08C7200421313 /* m7 */,
				CEF117F626F08C7400421313 /* m7Tests */,
				CEF1180126F08C7400421313 /* m7UITests */,
			);
		};
/* End PBXProject section */

/* Begin PBXResourcesBuildPhase section */
		CEF117E126F08C7200421313 /* Resources */ = {
			isa = PBXResourcesBuildPhase;
			buildActionMask = 2147483647;
			files = (
				CEF117F126F08C7300421313 /* LaunchScreen.storyboard in Resources */,
				CEF117EE26F08C7300421313 /* Assets.xcassets in Resources */,
				CEF117EC26F08C7200421313 /* Main.storyboard in Resources */,
			);
			runOnlyForDeploymentPostprocessing = 0;
		};
		CEF117F526F08C7400421313 /* Resources */ = {
			isa = PBXResourcesBuildPhase;
			buildActionMask = 2147483647;
			files = (
			);
			runOnlyForDeploymentPostprocessing = 0;
		};
		CEF1180026F08C7400421313 /* Resources */ = {
			isa = PBXResourcesBuildPhase;
			buildActionMask = 2147483647;
			files = (
			);
			runOnlyForDeploymentPostprocessing = 0;
		};
/* End PBXResourcesBuildPhase section */

/* Begin PBXSourcesBuildPhase section */
		CEF117DF26F08C7200421313 /* Sources */ = {
			isa = PBXSourcesBuildPhase;
			buildActionMask = 2147483647;
			files = (
				CEF117E926F08C7200421313 /* ViewController.swift in Sources */,
				CEF117E726F08C7200421313 /* AppDelegate.swift in Sources */,
			);
			runOnlyForDeploymentPostprocessing = 0;
		};
		CEF117F326F08C7400421313 /* Sources */ = {
			isa = PBXSourcesBuildPhase;
			buildActionMask = 2147483647;
			files = (
				CEF117FC26F08C7400421313 /* m7Tests.swift in Sources */,
			);
			runOnlyForDeploymentPostprocessing = 0;
		};
		CEF117FE26F08C7400421313 /* Sources */ = {
			isa = PBXSourcesBuildPhase;
			buildActionMask = 2147483647;
			files = (
				CEF1180726F08C7400421313 /* m7UITests.swift in Sources */,
			);
			runOnlyForDeploymentPostprocessing = 0;
		};
/* End PBXSourcesBuildPhase section */

/* Begin PBXTargetDependency section */
		CEF117F926F08C7400421313 /* PBXTargetDependency */ = {
			isa = PBXTargetDependency;
			target = CEF117E226F08C7200421313 /* m7 */;
			targetProxy = CEF117F826F08C7400421313 /* PBXContainerItemProxy */;
		};
		CEF1180426F08C7400421313 /* PBXTargetDependency */ = {
			isa = PBXTargetDependency;
			target = CEF117E226F08C7200421313 /* m7 */;
			targetProxy = CEF1180326F08C7400421313 /* PBXContainerItemProxy */;
		};
/* End PBXTargetDependency section */

/* Begin PBXVariantGroup section */
		CEF117EA26F08C7200421313 /* Main.storyboard */ = {
			isa = PBXVariantGroup;
			children = (
				CEF117EB26F08C7200421313 /* Base */,
			);
			name = Main.storyboard;
			sourceTree = "<group>";
		};
		CEF117EF26F08C7300421313 /* LaunchScreen.storyboard */ = {
			isa = PBXVariantGroup;
			children = (
				CEF117F026F08C7300421313 /* Base */,
			);
			name = LaunchScreen.storyboard;
			sourceTree = "<group>";
		};
/* End PBXVariantGroup section */

/* Begin XCBuildConfiguration section */
		CEF1180926F08C7400421313 /* Debug */ = {
			isa = XCBuildConfiguration;
			buildSettings = {
				ALWAYS_SEARCH_USER_PATHS = NO;
				CLANG_ANALYZER_NONNULL = YES;
				CLANG_ANALYZER_NUMBER_OBJECT_CONVERSION = YES_AGGRESSIVE;
				CLANG_CXX_LANGUAGE_STANDARD = "gnu++14";
				CLANG_CXX_LIBRARY = "libc++";
				CLANG_ENABLE_MODULES = YES;
				CLANG_ENABLE_OBJC_ARC = YES;
				CLANG_ENABLE_OBJC_WEAK = YES;
				CLANG_WARN_BLOCK_CAPTURE_AUTORELEASING = YES;
				CLANG_WARN_BOOL_CONVERSION = YES;
				CLANG_WARN_COMMA = YES;
				CLANG_WARN_CONSTANT_CONVERSION = YES;
				CLANG_WARN_DEPRECATED_OBJC_IMPLEMENTATIONS = YES;
				CLANG_WARN_DIRECT_OBJC_ISA_USAGE = YES_ERROR;
				CLANG_WARN_DOCUMENTATION_COMMENTS = YES;
				CLANG_WARN_EMPTY_BODY = YES;
				CLANG_WARN_ENUM_CONVERSION = YES;
				CLANG_WARN_INFINITE_RECURSION = YES;
				CLANG_WARN_INT_CONVERSION = YES;
				CLANG_WARN_NON_LITERAL_NULL_CONVERSION = YES;
				CLANG_WARN_OBJC_IMPLICIT_RETAIN_SELF = YES;
				CLANG_WARN_OBJC_LITERAL_CONVERSION = YES;
				CLANG_WARN_OBJC_ROOT_CLASS = YES_ERROR;
				CLANG_WARN_RANGE_LOOP_ANALYSIS = YES;
				CLANG_WARN_STRICT_PROTOTYPES = YES;
				CLANG_WARN_SUSPICIOUS_MOVE = YES;
				CLANG_WARN_UNGUARDED_AVAILABILITY = YES_AGGRESSIVE;
				CLANG_WARN_UNREACHABLE_CODE = YES;
				CLANG_WARN__DUPLICATE_METHOD_MATCH = YES;
				CODE_SIGN_IDENTITY = "iPhone Developer";
				COPY_PHASE_STRIP = NO;
				DEBUG_INFORMATION_FORMAT = dwarf;
				ENABLE_STRICT_OBJC_MSGSEND = YES;
				ENABLE_TESTABILITY = YES;
				GCC_C_LANGUAGE_STANDARD = gnu11;
				GCC_DYNAMIC_NO_PIC = NO;
				GCC_NO_COMMON_BLOCKS = YES;
				GCC_OPTIMIZATION_LEVEL = 0;
				GCC_PREPROCESSOR_DEFINITIONS = (
					"DEBUG=1",
					"$(inherited)",
				);
				GCC_WARN_64_TO_32_BIT_CONVERSION = YES;
				GCC_WARN_ABOUT_RETURN_TYPE = YES_ERROR;
				GCC_WARN_UNDECLARED_SELECTOR = YES;
				GCC_WARN_UNINITIALIZED_AUTOS = YES_AGGRESSIVE;
				GCC_WARN_UNUSED_FUNCTION = YES;
				GCC_WARN_UNUSED_VARIABLE = YES;
				IPHONEOS_DEPLOYMENT_TARGET = 12.2;
				MTL_ENABLE_DEBUG_INFO = INCLUDE_SOURCE;
				MTL_FAST_MATH = YES;
				ONLY_ACTIVE_ARCH = YES;
				SDKROOT = iphoneos;
				SWIFT_ACTIVE_COMPILATION_CONDITIONS = DEBUG;
				SWIFT_OPTIMIZATION_LEVEL = "-Onone";
			};
			name = Debug;
		};
		CEF1180A26F08C7400421313 /* Release */ = {
			isa = XCBuildConfiguration;
			buildSettings = {
				ALWAYS_SEARCH_USER_PATHS = NO;
				CLANG_ANALYZER_NONNULL = YES;
				CLANG_ANALYZER_NUMBER_OBJECT_CONVERSION = YES_AGGRESSIVE;
				CLANG_CXX_LANGUAGE_STANDARD = "gnu++14";
				CLANG_CXX_LIBRARY = "libc++";
				CLANG_ENABLE_MODULES = YES;
				CLANG_ENABLE_OBJC_ARC = YES;
				CLANG_ENABLE_OBJC_WEAK = YES;
				CLANG_WARN_BLOCK_CAPTURE_AUTORELEASING = YES;
				CLANG_WARN_BOOL_CONVERSION = YES;
				CLANG_WARN_COMMA = YES;
				CLANG_WARN_CONSTANT_CONVERSION = YES;
				CLANG_WARN_DEPRECATED_OBJC_IMPLEMENTATIONS = YES;
				CLANG_WARN_DIRECT_OBJC_ISA_USAGE = YES_ERROR;
				CLANG_WARN_DOCUMENTATION_COMMENTS = YES;
				CLANG_WARN_EMPTY_BODY = YES;
				CLANG_WARN_ENUM_CONVERSION = YES;
				CLANG_WARN_INFINITE_RECURSION = YES;
				CLANG_WARN_INT_CONVERSION = YES;
				CLANG_WARN_NON_LITERAL_NULL_CONVERSION = YES;
				CLANG_WARN_OBJC_IMPLICIT_RETAIN_SELF = YES;
				CLANG_WARN_OBJC_LITERAL_CONVERSION = YES;
				CLANG_WARN_OBJC_ROOT_CLASS = YES_ERROR;
				CLANG_WARN_RANGE_LOOP_ANALYSIS = YES;
				CLANG_WARN_STRICT_PROTOTYPES = YES;
				CLANG_WARN_SUSPICIOUS_MOVE = YES;
				CLANG_WARN_UNGUARDED_AVAILABILITY = YES_AGGRESSIVE;
				CLANG_WARN_UNREACHABLE_CODE = YES;
				CLANG_WARN__DUPLICATE_METHOD_MATCH = YES;
				CODE_SIGN_IDENTITY = "iPhone Developer";
				COPY_PHASE_STRIP = NO;
				DEBUG_INFORMATION_FORMAT = "dwarf-with-dsym";
				ENABLE_NS_ASSERTIONS = NO;
				ENABLE_STRICT_OBJC_MSGSEND = YES;
				GCC_C_LANGUAGE_STANDARD = gnu11;
				GCC_NO_COMMON_BLOCKS = YES;
				GCC_WARN_64_TO_32_BIT_CONVERSION = YES;
				GCC_WARN_ABOUT_RETURN_TYPE = YES_ERROR;
				GCC_WARN_UNDECLARED_SELECTOR = YES;
				GCC_WARN_UNINITIALIZED_AUTOS = YES_AGGRESSIVE;
				GCC_WARN_UNUSED_FUNCTION = YES;
				GCC_WARN_UNUSED_VARIABLE = YES;
				IPHONEOS_DEPLOYMENT_TARGET = 12.2;
				MTL_ENABLE_DEBUG_INFO = NO;
				MTL_FAST_MATH = YES;
				SDKROOT = iphoneos;
				SWIFT_COMPILATION_MODE = wholemodule;
				SWIFT_OPTIMIZATION_LEVEL = "-O";
				VALIDATE_PRODUCT = YES;
			};
			name = Release;
		};
		CEF1180C26F08C7400421313 /* Debug */ = {
			isa = XCBuildConfiguration;
			buildSettings = {
				ASSETCATALOG_COMPILER_APPICON_NAME = AppIcon;
				CODE_SIGN_STYLE = Automatic;
				INFOPLIST_FILE = m7/Info.plist;
				LD_RUNPATH_SEARCH_PATHS = (
					"$(inherited)",
					"@executable_path/Frameworks",
				);
				PRODUCT_BUNDLE_IDENTIFIER = Skillbox.m7;
				PRODUCT_NAME = "$(TARGET_NAME)";
				SWIFT_VERSION = 5.0;
				TARGETED_DEVICE_FAMILY = "1,2";
			};
			name = Debug;
		};
		CEF1180D26F08C7400421313 /* Release */ = {
			isa = XCBuildConfiguration;
			buildSettings = {
				ASSETCATALOG_COMPILER_APPICON_NAME = AppIcon;
				CODE_SIGN_STYLE = Automatic;
				INFOPLIST_FILE = m7/Info.plist;
				LD_RUNPATH_SEARCH_PATHS = (
					"$(inherited)",
					"@executable_path/Frameworks",
				);
				PRODUCT_BUNDLE_IDENTIFIER = Skillbox.m7;
				PRODUCT_NAME = "$(TARGET_NAME)";
				SWIFT_VERSION = 5.0;
				TARGETED_DEVICE_FAMILY = "1,2";
			};
			name = Release;
		};
		CEF1180F26F08C7400421313 /* Debug */ = {
			isa = XCBuildConfiguration;
			buildSettings = {
				ALWAYS_EMBED_SWIFT_STANDARD_LIBRARIES = YES;
				BUNDLE_LOADER = "$(TEST_HOST)";
				CODE_SIGN_STYLE = Automatic;
				INFOPLIST_FILE = m7Tests/Info.plist;
				LD_RUNPATH_SEARCH_PATHS = (
					"$(inherited)",
					"@executable_path/Frameworks",
					"@loader_path/Frameworks",
				);
				PRODUCT_BUNDLE_IDENTIFIER = Skillbox.m7Tests;
				PRODUCT_NAME = "$(TARGET_NAME)";
				SWIFT_VERSION = 5.0;
				TARGETED_DEVICE_FAMILY = "1,2";
				TEST_HOST = "$(BUILT_PRODUCTS_DIR)/m7.app/m7";
			};
			name = Debug;
		};
		CEF1181026F08C7400421313 /* Release */ = {
			isa = XCBuildConfiguration;
			buildSettings = {
				ALWAYS_EMBED_SWIFT_STANDARD_LIBRARIES = YES;
				BUNDLE_LOADER = "$(TEST_HOST)";
				CODE_SIGN_STYLE = Automatic;
				INFOPLIST_FILE = m7Tests/Info.plist;
				LD_RUNPATH_SEARCH_PATHS = (
					"$(inherited)",
					"@executable_path/Frameworks",
					"@loader_path/Frameworks",
				);
				PRODUCT_BUNDLE_IDENTIFIER = Skillbox.m7Tests;
				PRODUCT_NAME = "$(TARGET_NAME)";
				SWIFT_VERSION = 5.0;
				TARGETED_DEVICE_FAMILY = "1,2";
				TEST_HOST = "$(BUILT_PRODUCTS_DIR)/m7.app/m7";
			};
			name = Release;
		};
		CEF1181226F08C7400421313 /* Debug */ = {
			isa = XCBuildConfiguration;
			buildSettings = {
				ALWAYS_EMBED_SWIFT_STANDARD_LIBRARIES = YES;
				CODE_SIGN_STYLE = Automatic;
				INFOPLIST_FILE = m7UITests/Info.plist;
				LD_RUNPATH_SEARCH_PATHS = (
					"$(inherited)",
					"@executable_path/Frameworks",
					"@loader_path/Frameworks",
				);
				PRODUCT_BUNDLE_IDENTIFIER = Skillbox.m7UITests;
				PRODUCT_NAME = "$(TARGET_NAME)";
				SWIFT_VERSION = 5.0;
				TARGETED_DEVICE_FAMILY = "1,2";
				TEST_TARGET_NAME = m7;
			};
			name = Debug;
		};
		CEF1181326F08C7400421313 /* Release */ = {
			isa = XCBuildConfiguration;
			buildSettings = {
				ALWAYS_EMBED_SWIFT_STANDARD_LIBRARIES = YES;
				CODE_SIGN_STYLE = Automatic;
				INFOPLIST_FILE = m7UITests/Info.plist;
				LD_RUNPATH_SEARCH_PATHS = (
					"$(inherited)",
					"@executable_path/Frameworks",
					"@loader_path/Frameworks",
				);
				PRODUCT_BUNDLE_IDENTIFIER = Skillbox.m7UITests;
				PRODUCT_NAME = "$(TARGET_NAME)";
				SWIFT_VERSION = 5.0;
				TARGETED_DEVICE_FAMILY = "1,2";
				TEST_TARGET_NAME = m7;
			};
			name = Release;
		};
/* End XCBuildConfiguration section */

/* Begin XCConfigurationList section */
		CEF117DE26F08C7200421313 /* Build configuration list for PBXProject "m7" */ = {
			isa = XCConfigurationList;
			buildConfigurations = (
				CEF1180926F08C7400421313 /* Debug */,
				CEF1180A26F08C7400421313 /* Release */,
			);
			defaultConfigurationIsVisible = 0;
			defaultConfigurationName = Release;
		};
		CEF1180B26F08C7400421313 /* Build configuration list for PBXNativeTarget "m7" */ = {
			isa = XCConfigurationList;
			buildConfigurations = (
				CEF1180C26F08C7400421313 /* Debug */,
				CEF1180D26F08C7400421313 /* Release */,
			);
			defaultConfigurationIsVisible = 0;
			defaultConfigurationName = Release;
		};
		CEF1180E26F08C7400421313 /* Build configuration list for PBXNativeTarget "m7Tests" */ = {
			isa = XCConfigurationList;
			buildConfigurations = (
				CEF1180F26F08C7400421313 /* Debug */,
				CEF1181026F08C7400421313 /* Release */,
			);
			defaultConfigurationIsVisible = 0;
			defaultConfigurationName = Release;
		};
		CEF1181126F08C7400421313 /* Build configuration list for PBXNativeTarget "m7UITests" */ = {
			isa = XCConfigurationList;
			buildConfigurations = (
				CEF1181226F08C7400421313 /* Debug */,
				CEF1181326F08C7400421313 /* Release */,
			);
			defaultConfigurationIsVisible = 0;
			defaultConfigurationName = Release;
		};
/* End XCConfigurationList section */
	};
	rootObject = CEF117DB26F08C7200421313 /* Project object */;
}
