// !$*UTF8*$!
{
	archiveVersion = 1;
	classes = {
	};
	objectVersion = 50;
	objects = {

/* Begin PBXBuildFile section */
		2B1223622766E2D30020510D /* AppDelegate.swift in Sources */ = {isa = PBXBuildFile; fileRef = 2B1223612766E2D30020510D /* AppDelegate.swift */; };
		2B1223642766E2D30020510D /* SceneDelegate.swift in Sources */ = {isa = PBXBuildFile; fileRef = 2B1223632766E2D30020510D /* SceneDelegate.swift */; };
		2B1223662766E2D30020510D /* FirstViewController.swift in Sources */ = {isa = PBXBuildFile; fileRef = 2B1223652766E2D30020510D /* FirstViewController.swift */; };
		2B1223692766E2D30020510D /* Main.storyboard in Resources */ = {isa = PBXBuildFile; fileRef = 2B1223672766E2D30020510D /* Main.storyboard */; };
		2B12236B2766E2DB0020510D /* Assets.xcassets in Resources */ = {isa = PBXBuildFile; fileRef = 2B12236A2766E2DB0020510D /* Assets.xcassets */; };
		2B12236E2766E2DB0020510D /* LaunchScreen.storyboard in Resources */ = {isa = PBXBuildFile; fileRef = 2B12236C2766E2DB0020510D /* LaunchScreen.storyboard */; };
		2B1223772766E3250020510D /* FirstCustomTableViewCell.swift in Sources */ = {isa = PBXBuildFile; fileRef = 2B1223762766E3250020510D /* FirstCustomTableViewCell.swift */; };
		2B1223792766E33D0020510D /* SecondCustomTableViewCell.swift in Sources */ = {isa = PBXBuildFile; fileRef = 2B1223782766E33D0020510D /* SecondCustomTableViewCell.swift */; };
		2B12237B2766E3630020510D /* ThirdCustomTableViewCell.swift in Sources */ = {isa = PBXBuildFile; fileRef = 2B12237A2766E3630020510D /* ThirdCustomTableViewCell.swift */; };
		2B12237D276718300020510D /* SecondViewController.swift in Sources */ = {isa = PBXBuildFile; fileRef = 2B12237C276718300020510D /* SecondViewController.swift */; };
		2B12237F276718420020510D /* ThirdViewController.swift in Sources */ = {isa = PBXBuildFile; fileRef = 2B12237E276718420020510D /* ThirdViewController.swift */; };
		2B1223812767894C0020510D /* Constants.swift in Sources */ = {isa = PBXBuildFile; fileRef = 2B1223802767894C0020510D /* Constants.swift */; };
		2B12238327678CF90020510D /* FirstCustomTableViewCell.xib in Resources */ = {isa = PBXBuildFile; fileRef = 2B12238227678CF90020510D /* FirstCustomTableViewCell.xib */; };
		2B122387276799270020510D /* FirstCustomTableViewCellViewModel.swift in Sources */ = {isa = PBXBuildFile; fileRef = 2B122386276799270020510D /* FirstCustomTableViewCellViewModel.swift */; };
		2B122389276A28880020510D /* NewsRecordModel.swift in Sources */ = {isa = PBXBuildFile; fileRef = 2B122388276A28880020510D /* NewsRecordModel.swift */; };
/* End PBXBuildFile section */

/* Begin PBXFileReference section */
		2B12235E2766E2D30020510D /* m14.app */ = {isa = PBXFileReference; explicitFileType = wrapper.application; includeInIndex = 0; path = m14.app; sourceTree = BUILT_PRODUCTS_DIR; };
		2B1223612766E2D30020510D /* AppDelegate.swift */ = {isa = PBXFileReference; lastKnownFileType = sourcecode.swift; path = AppDelegate.swift; sourceTree = "<group>"; };
		2B1223632766E2D30020510D /* SceneDelegate.swift */ = {isa = PBXFileReference; lastKnownFileType = sourcecode.swift; path = SceneDelegate.swift; sourceTree = "<group>"; };
		2B1223652766E2D30020510D /* FirstViewController.swift */ = {isa = PBXFileReference; lastKnownFileType = sourcecode.swift; path = FirstViewController.swift; sourceTree = "<group>"; };
		2B1223682766E2D30020510D /* Base */ = {isa = PBXFileReference; lastKnownFileType = file.storyboard; name = Base; path = Base.lproj/Main.storyboard; sourceTree = "<group>"; };
		2B12236A2766E2DB0020510D /* Assets.xcassets */ = {isa = PBXFileReference; lastKnownFileType = folder.assetcatalog; path = Assets.xcassets; sourceTree = "<group>"; };
		2B12236D2766E2DB0020510D /* Base */ = {isa = PBXFileReference; lastKnownFileType = file.storyboard; name = Base; path = Base.lproj/LaunchScreen.storyboard; sourceTree = "<group>"; };
		2B12236F2766E2DB0020510D /* Info.plist */ = {isa = PBXFileReference; lastKnownFileType = text.plist.xml; path = Info.plist; sourceTree = "<group>"; };
		2B1223762766E3250020510D /* FirstCustomTableViewCell.swift */ = {isa = PBXFileReference; lastKnownFileType = sourcecode.swift; path = FirstCustomTableViewCell.swift; sourceTree = "<group>"; };
		2B1223782766E33D0020510D /* SecondCustomTableViewCell.swift */ = {isa = PBXFileReference; lastKnownFileType = sourcecode.swift; path = SecondCustomTableViewCell.swift; sourceTree = "<group>"; };
		2B12237A2766E3630020510D /* ThirdCustomTableViewCell.swift */ = {isa = PBXFileReference; lastKnownFileType = sourcecode.swift; path = ThirdCustomTableViewCell.swift; sourceTree = "<group>"; };
		2B12237C276718300020510D /* SecondViewController.swift */ = {isa = PBXFileReference; lastKnownFileType = sourcecode.swift; path = SecondViewController.swift; sourceTree = "<group>"; };
		2B12237E276718420020510D /* ThirdViewController.swift */ = {isa = PBXFileReference; lastKnownFileType = sourcecode.swift; path = ThirdViewController.swift; sourceTree = "<group>"; };
		2B1223802767894C0020510D /* Constants.swift */ = {isa = PBXFileReference; lastKnownFileType = sourcecode.swift; path = Constants.swift; sourceTree = "<group>"; };
		2B12238227678CF90020510D /* FirstCustomTableViewCell.xib */ = {isa = PBXFileReference; lastKnownFileType = file.xib; path = FirstCustomTableViewCell.xib; sourceTree = "<group>"; };
		2B122386276799270020510D /* FirstCustomTableViewCellViewModel.swift */ = {isa = PBXFileReference; lastKnownFileType = sourcecode.swift; path = FirstCustomTableViewCellViewModel.swift; sourceTree = "<group>"; };
		2B122388276A28880020510D /* NewsRecordModel.swift */ = {isa = PBXFileReference; lastKnownFileType = sourcecode.swift; path = NewsRecordModel.swift; sourceTree = "<group>"; };
/* End PBXFileReference section */

/* Begin PBXFrameworksBuildPhase section */
		2B12235B2766E2D30020510D /* Frameworks */ = {
			isa = PBXFrameworksBuildPhase;
			buildActionMask = 2147483647;
			files = (
			);
			runOnlyForDeploymentPostprocessing = 0;
		};
/* End PBXFrameworksBuildPhase section */

/* Begin PBXGroup section */
		2B1223552766E2D30020510D = {
			isa = PBXGroup;
			children = (
				2B1223602766E2D30020510D /* m14 */,
				2B12235F2766E2D30020510D /* Products */,
			);
			sourceTree = "<group>";
		};
		2B12235F2766E2D30020510D /* Products */ = {
			isa = PBXGroup;
			children = (
				2B12235E2766E2D30020510D /* m14.app */,
			);
			name = Products;
			sourceTree = "<group>";
		};
		2B1223602766E2D30020510D /* m14 */ = {
			isa = PBXGroup;
			children = (
				2B1223612766E2D30020510D /* AppDelegate.swift */,
				2B1223752766E2F90020510D /* Task1 */,
				2B12238427678D460020510D /* Task2 */,
				2B12238527678D600020510D /* Task3 */,
				2B1223632766E2D30020510D /* SceneDelegate.swift */,
				2B12237E276718420020510D /* ThirdViewController.swift */,
				2B1223802767894C0020510D /* Constants.swift */,
				2B1223672766E2D30020510D /* Main.storyboard */,
				2B12236A2766E2DB0020510D /* Assets.xcassets */,
				2B12236C2766E2DB0020510D /* LaunchScreen.storyboard */,
				2B12236F2766E2DB0020510D /* Info.plist */,
			);
			path = m14;
			sourceTree = "<group>";
		};
		2B1223752766E2F90020510D /* Task1 */ = {
			isa = PBXGroup;
			children = (
				2B12238227678CF90020510D /* FirstCustomTableViewCell.xib */,
				2B1223652766E2D30020510D /* FirstViewController.swift */,
				2B1223762766E3250020510D /* FirstCustomTableViewCell.swift */,
				2B122386276799270020510D /* FirstCustomTableViewCellViewModel.swift */,
			);
			path = Task1;
			sourceTree = "<group>";
		};
		2B12238427678D460020510D /* Task2 */ = {
			isa = PBXGroup;
			children = (
				2B12237C276718300020510D /* SecondViewController.swift */,
				2B1223782766E33D0020510D /* SecondCustomTableViewCell.swift */,
				2B122388276A28880020510D /* NewsRecordModel.swift */,
			);
			path = Task2;
			sourceTree = "<group>";
		};
		2B12238527678D600020510D /* Task3 */ = {
			isa = PBXGroup;
			children = (
				2B12237A2766E3630020510D /* ThirdCustomTableViewCell.swift */,
			);
			path = Task3;
			sourceTree = "<group>";
		};
/* End PBXGroup section */

/* Begin PBXNativeTarget section */
		2B12235D2766E2D30020510D /* m14 */ = {
			isa = PBXNativeTarget;
			buildConfigurationList = 2B1223722766E2DB0020510D /* Build configuration list for PBXNativeTarget "m14" */;
			buildPhases = (
				2B12235A2766E2D30020510D /* Sources */,
				2B12235B2766E2D30020510D /* Frameworks */,
				2B12235C2766E2D30020510D /* Resources */,
			);
			buildRules = (
			);
			dependencies = (
			);
			name = m14;
			productName = m14;
			productReference = 2B12235E2766E2D30020510D /* m14.app */;
			productType = "com.apple.product-type.application";
		};
/* End PBXNativeTarget section */

/* Begin PBXProject section */
		2B1223562766E2D30020510D /* Project object */ = {
			isa = PBXProject;
			attributes = {
				LastSwiftUpdateCheck = 1250;
				LastUpgradeCheck = 1250;
				TargetAttributes = {
					2B12235D2766E2D30020510D = {
						CreatedOnToolsVersion = 12.5;
					};
				};
			};
			buildConfigurationList = 2B1223592766E2D30020510D /* Build configuration list for PBXProject "m14" */;
			compatibilityVersion = "Xcode 9.3";
			developmentRegion = en;
			hasScannedForEncodings = 0;
			knownRegions = (
				en,
				Base,
			);
			mainGroup = 2B1223552766E2D30020510D;
			productRefGroup = 2B12235F2766E2D30020510D /* Products */;
			projectDirPath = "";
			projectRoot = "";
			targets = (
				2B12235D2766E2D30020510D /* m14 */,
			);
		};
/* End PBXProject section */

/* Begin PBXResourcesBuildPhase section */
		2B12235C2766E2D30020510D /* Resources */ = {
			isa = PBXResourcesBuildPhase;
			buildActionMask = 2147483647;
			files = (
				2B12238327678CF90020510D /* FirstCustomTableViewCell.xib in Resources */,
				2B12236E2766E2DB0020510D /* LaunchScreen.storyboard in Resources */,
				2B12236B2766E2DB0020510D /* Assets.xcassets in Resources */,
				2B1223692766E2D30020510D /* Main.storyboard in Resources */,
			);
			runOnlyForDeploymentPostprocessing = 0;
		};
/* End PBXResourcesBuildPhase section */

/* Begin PBXSourcesBuildPhase section */
		2B12235A2766E2D30020510D /* Sources */ = {
			isa = PBXSourcesBuildPhase;
			buildActionMask = 2147483647;
			files = (
				2B12237B2766E3630020510D /* ThirdCustomTableViewCell.swift in Sources */,
				2B1223792766E33D0020510D /* SecondCustomTableViewCell.swift in Sources */,
				2B1223812767894C0020510D /* Constants.swift in Sources */,
				2B1223662766E2D30020510D /* FirstViewController.swift in Sources */,
				2B122387276799270020510D /* FirstCustomTableViewCellViewModel.swift in Sources */,
				2B1223622766E2D30020510D /* AppDelegate.swift in Sources */,
				2B12237D276718300020510D /* SecondViewController.swift in Sources */,
				2B122389276A28880020510D /* NewsRecordModel.swift in Sources */,
				2B1223642766E2D30020510D /* SceneDelegate.swift in Sources */,
				2B12237F276718420020510D /* ThirdViewController.swift in Sources */,
				2B1223772766E3250020510D /* FirstCustomTableViewCell.swift in Sources */,
			);
			runOnlyForDeploymentPostprocessing = 0;
		};
/* End PBXSourcesBuildPhase section */

/* Begin PBXVariantGroup section */
		2B1223672766E2D30020510D /* Main.storyboard */ = {
			isa = PBXVariantGroup;
			children = (
				2B1223682766E2D30020510D /* Base */,
			);
			name = Main.storyboard;
			sourceTree = "<group>";
		};
		2B12236C2766E2DB0020510D /* LaunchScreen.storyboard */ = {
			isa = PBXVariantGroup;
			children = (
				2B12236D2766E2DB0020510D /* Base */,
			);
			name = LaunchScreen.storyboard;
			sourceTree = "<group>";
		};
/* End PBXVariantGroup section */

/* Begin XCBuildConfiguration section */
		2B1223702766E2DB0020510D /* Debug */ = {
			isa = XCBuildConfiguration;
			buildSettings = {
				ALWAYS_SEARCH_USER_PATHS = NO;
				CLANG_ANALYZER_NONNULL = YES;
				CLANG_ANALYZER_NUMBER_OBJECT_CONVERSION = YES_AGGRESSIVE;
				CLANG_CXX_LANGUAGE_STANDARD = "gnu++14";
				CLANG_CXX_LIBRARY = "libc++";
				CLANG_ENABLE_MODULES = YES;
				CLANG_ENABLE_OBJC_ARC = YES;
				CLANG_ENABLE_OBJC_WEAK = YES;
				CLANG_WARN_BLOCK_CAPTURE_AUTORELEASING = YES;
				CLANG_WARN_BOOL_CONVERSION = YES;
				CLANG_WARN_COMMA = YES;
				CLANG_WARN_CONSTANT_CONVERSION = YES;
				CLANG_WARN_DEPRECATED_OBJC_IMPLEMENTATIONS = YES;
				CLANG_WARN_DIRECT_OBJC_ISA_USAGE = YES_ERROR;
				CLANG_WARN_DOCUMENTATION_COMMENTS = YES;
				CLANG_WARN_EMPTY_BODY = YES;
				CLANG_WARN_ENUM_CONVERSION = YES;
				CLANG_WARN_INFINITE_RECURSION = YES;
				CLANG_WARN_INT_CONVERSION = YES;
				CLANG_WARN_NON_LITERAL_NULL_CONVERSION = YES;
				CLANG_WARN_OBJC_IMPLICIT_RETAIN_SELF = YES;
				CLANG_WARN_OBJC_LITERAL_CONVERSION = YES;
				CLANG_WARN_OBJC_ROOT_CLASS = YES_ERROR;
				CLANG_WARN_QUOTED_INCLUDE_IN_FRAMEWORK_HEADER = YES;
				CLANG_WARN_RANGE_LOOP_ANALYSIS = YES;
				CLANG_WARN_STRICT_PROTOTYPES = YES;
				CLANG_WARN_SUSPICIOUS_MOVE = YES;
				CLANG_WARN_UNGUARDED_AVAILABILITY = YES_AGGRESSIVE;
				CLANG_WARN_UNREACHABLE_CODE = YES;
				CLANG_WARN__DUPLICATE_METHOD_MATCH = YES;
				COPY_PHASE_STRIP = NO;
				DEBUG_INFORMATION_FORMAT = dwarf;
				ENABLE_STRICT_OBJC_MSGSEND = YES;
				ENABLE_TESTABILITY = YES;
				GCC_C_LANGUAGE_STANDARD = gnu11;
				GCC_DYNAMIC_NO_PIC = NO;
				GCC_NO_COMMON_BLOCKS = YES;
				GCC_OPTIMIZATION_LEVEL = 0;
				GCC_PREPROCESSOR_DEFINITIONS = (
					"DEBUG=1",
					"$(inherited)",
				);
				GCC_WARN_64_TO_32_BIT_CONVERSION = YES;
				GCC_WARN_ABOUT_RETURN_TYPE = YES_ERROR;
				GCC_WARN_UNDECLARED_SELECTOR = YES;
				GCC_WARN_UNINITIALIZED_AUTOS = YES_AGGRESSIVE;
				GCC_WARN_UNUSED_FUNCTION = YES;
				GCC_WARN_UNUSED_VARIABLE = YES;
				IPHONEOS_DEPLOYMENT_TARGET = 14.5;
				MTL_ENABLE_DEBUG_INFO = INCLUDE_SOURCE;
				MTL_FAST_MATH = YES;
				ONLY_ACTIVE_ARCH = YES;
				SDKROOT = iphoneos;
				SWIFT_ACTIVE_COMPILATION_CONDITIONS = DEBUG;
				SWIFT_OPTIMIZATION_LEVEL = "-Onone";
			};
			name = Debug;
		};
		2B1223712766E2DB0020510D /* Release */ = {
			isa = XCBuildConfiguration;
			buildSettings = {
				ALWAYS_SEARCH_USER_PATHS = NO;
				CLANG_ANALYZER_NONNULL = YES;
				CLANG_ANALYZER_NUMBER_OBJECT_CONVERSION = YES_AGGRESSIVE;
				CLANG_CXX_LANGUAGE_STANDARD = "gnu++14";
				CLANG_CXX_LIBRARY = "libc++";
				CLANG_ENABLE_MODULES = YES;
				CLANG_ENABLE_OBJC_ARC = YES;
				CLANG_ENABLE_OBJC_WEAK = YES;
				CLANG_WARN_BLOCK_CAPTURE_AUTORELEASING = YES;
				CLANG_WARN_BOOL_CONVERSION = YES;
				CLANG_WARN_COMMA = YES;
				CLANG_WARN_CONSTANT_CONVERSION = YES;
				CLANG_WARN_DEPRECATED_OBJC_IMPLEMENTATIONS = YES;
				CLANG_WARN_DIRECT_OBJC_ISA_USAGE = YES_ERROR;
				CLANG_WARN_DOCUMENTATION_COMMENTS = YES;
				CLANG_WARN_EMPTY_BODY = YES;
				CLANG_WARN_ENUM_CONVERSION = YES;
				CLANG_WARN_INFINITE_RECURSION = YES;
				CLANG_WARN_INT_CONVERSION = YES;
				CLANG_WARN_NON_LITERAL_NULL_CONVERSION = YES;
				CLANG_WARN_OBJC_IMPLICIT_RETAIN_SELF = YES;
				CLANG_WARN_OBJC_LITERAL_CONVERSION = YES;
				CLANG_WARN_OBJC_ROOT_CLASS = YES_ERROR;
				CLANG_WARN_QUOTED_INCLUDE_IN_FRAMEWORK_HEADER = YES;
				CLANG_WARN_RANGE_LOOP_ANALYSIS = YES;
				CLANG_WARN_STRICT_PROTOTYPES = YES;
				CLANG_WARN_SUSPICIOUS_MOVE = YES;
				CLANG_WARN_UNGUARDED_AVAILABILITY = YES_AGGRESSIVE;
				CLANG_WARN_UNREACHABLE_CODE = YES;
				CLANG_WARN__DUPLICATE_METHOD_MATCH = YES;
				COPY_PHASE_STRIP = NO;
				DEBUG_INFORMATION_FORMAT = "dwarf-with-dsym";
				ENABLE_NS_ASSERTIONS = NO;
				ENABLE_STRICT_OBJC_MSGSEND = YES;
				GCC_C_LANGUAGE_STANDARD = gnu11;
				GCC_NO_COMMON_BLOCKS = YES;
				GCC_WARN_64_TO_32_BIT_CONVERSION = YES;
				GCC_WARN_ABOUT_RETURN_TYPE = YES_ERROR;
				GCC_WARN_UNDECLARED_SELECTOR = YES;
				GCC_WARN_UNINITIALIZED_AUTOS = YES_AGGRESSIVE;
				GCC_WARN_UNUSED_FUNCTION = YES;
				GCC_WARN_UNUSED_VARIABLE = YES;
				IPHONEOS_DEPLOYMENT_TARGET = 14.5;
				MTL_ENABLE_DEBUG_INFO = NO;
				MTL_FAST_MATH = YES;
				SDKROOT = iphoneos;
				SWIFT_COMPILATION_MODE = wholemodule;
				SWIFT_OPTIMIZATION_LEVEL = "-O";
				VALIDATE_PRODUCT = YES;
			};
			name = Release;
		};
		2B1223732766E2DB0020510D /* Debug */ = {
			isa = XCBuildConfiguration;
			buildSettings = {
				ASSETCATALOG_COMPILER_APPICON_NAME = AppIcon;
				ASSETCATALOG_COMPILER_GLOBAL_ACCENT_COLOR_NAME = AccentColor;
				CODE_SIGN_STYLE = Automatic;
				INFOPLIST_FILE = m14/Info.plist;
				LD_RUNPATH_SEARCH_PATHS = (
					"$(inherited)",
					"@executable_path/Frameworks",
				);
				PRODUCT_BUNDLE_IDENTIFIER = IceR.m14;
				PRODUCT_NAME = "$(TARGET_NAME)";
				SWIFT_VERSION = 5.0;
				TARGETED_DEVICE_FAMILY = "1,2";
			};
			name = Debug;
		};
		2B1223742766E2DB0020510D /* Release */ = {
			isa = XCBuildConfiguration;
			buildSettings = {
				ASSETCATALOG_COMPILER_APPICON_NAME = AppIcon;
				ASSETCATALOG_COMPILER_GLOBAL_ACCENT_COLOR_NAME = AccentColor;
				CODE_SIGN_STYLE = Automatic;
				INFOPLIST_FILE = m14/Info.plist;
				LD_RUNPATH_SEARCH_PATHS = (
					"$(inherited)",
					"@executable_path/Frameworks",
				);
				PRODUCT_BUNDLE_IDENTIFIER = IceR.m14;
				PRODUCT_NAME = "$(TARGET_NAME)";
				SWIFT_VERSION = 5.0;
				TARGETED_DEVICE_FAMILY = "1,2";
			};
			name = Release;
		};
/* End XCBuildConfiguration section */

/* Begin XCConfigurationList section */
		2B1223592766E2D30020510D /* Build configuration list for PBXProject "m14" */ = {
			isa = XCConfigurationList;
			buildConfigurations = (
				2B1223702766E2DB0020510D /* Debug */,
				2B1223712766E2DB0020510D /* Release */,
			);
			defaultConfigurationIsVisible = 0;
			defaultConfigurationName = Release;
		};
		2B1223722766E2DB0020510D /* Build configuration list for PBXNativeTarget "m14" */ = {
			isa = XCConfigurationList;
			buildConfigurations = (
				2B1223732766E2DB0020510D /* Debug */,
				2B1223742766E2DB0020510D /* Release */,
			);
			defaultConfigurationIsVisible = 0;
			defaultConfigurationName = Release;
		};
/* End XCConfigurationList section */
	};
	rootObject = 2B1223562766E2D30020510D /* Project object */;
}
