// !$*UTF8*$!
{
	archiveVersion = 1;
	classes = {
	};
	objectVersion = 50;
	objects = {

/* Begin PBXBuildFile section */
		2B21C4E7274E3BA400AAC680 /* AppDelegate.swift in Sources */ = {isa = PBXBuildFile; fileRef = 2B21C4E6274E3BA400AAC680 /* AppDelegate.swift */; };
		2B21C4E9274E3BA400AAC680 /* SceneDelegate.swift in Sources */ = {isa = PBXBuildFile; fileRef = 2B21C4E8274E3BA400AAC680 /* SceneDelegate.swift */; };
		2B21C4EB274E3BA400AAC680 /* StartViewController.swift in Sources */ = {isa = PBXBuildFile; fileRef = 2B21C4EA274E3BA400AAC680 /* StartViewController.swift */; };
		2B21C4EE274E3BA400AAC680 /* Main.storyboard in Resources */ = {isa = PBXBuildFile; fileRef = 2B21C4EC274E3BA400AAC680 /* Main.storyboard */; };
		2B21C4F0274E3BAB00AAC680 /* Assets.xcassets in Resources */ = {isa = PBXBuildFile; fileRef = 2B21C4EF274E3BAB00AAC680 /* Assets.xcassets */; };
		2B21C4F3274E3BAB00AAC680 /* LaunchScreen.storyboard in Resources */ = {isa = PBXBuildFile; fileRef = 2B21C4F1274E3BAB00AAC680 /* LaunchScreen.storyboard */; };
		2B21C4FB274F1AAE00AAC680 /* FinishViewController.swift in Sources */ = {isa = PBXBuildFile; fileRef = 2B21C4FA274F1AAE00AAC680 /* FinishViewController.swift */; };
/* End PBXBuildFile section */

/* Begin PBXFileReference section */
		2B21C4E3274E3BA400AAC680 /* lesson13.app */ = {isa = PBXFileReference; explicitFileType = wrapper.application; includeInIndex = 0; path = lesson13.app; sourceTree = BUILT_PRODUCTS_DIR; };
		2B21C4E6274E3BA400AAC680 /* AppDelegate.swift */ = {isa = PBXFileReference; lastKnownFileType = sourcecode.swift; path = AppDelegate.swift; sourceTree = "<group>"; };
		2B21C4E8274E3BA400AAC680 /* SceneDelegate.swift */ = {isa = PBXFileReference; lastKnownFileType = sourcecode.swift; path = SceneDelegate.swift; sourceTree = "<group>"; };
		2B21C4EA274E3BA400AAC680 /* StartViewController.swift */ = {isa = PBXFileReference; lastKnownFileType = sourcecode.swift; path = StartViewController.swift; sourceTree = "<group>"; };
		2B21C4ED274E3BA400AAC680 /* Base */ = {isa = PBXFileReference; lastKnownFileType = file.storyboard; name = Base; path = Base.lproj/Main.storyboard; sourceTree = "<group>"; };
		2B21C4EF274E3BAB00AAC680 /* Assets.xcassets */ = {isa = PBXFileReference; lastKnownFileType = folder.assetcatalog; path = Assets.xcassets; sourceTree = "<group>"; };
		2B21C4F2274E3BAB00AAC680 /* Base */ = {isa = PBXFileReference; lastKnownFileType = file.storyboard; name = Base; path = Base.lproj/LaunchScreen.storyboard; sourceTree = "<group>"; };
		2B21C4F4274E3BAB00AAC680 /* Info.plist */ = {isa = PBXFileReference; lastKnownFileType = text.plist.xml; path = Info.plist; sourceTree = "<group>"; };
		2B21C4FA274F1AAE00AAC680 /* FinishViewController.swift */ = {isa = PBXFileReference; lastKnownFileType = sourcecode.swift; path = FinishViewController.swift; sourceTree = "<group>"; };
/* End PBXFileReference section */

/* Begin PBXFrameworksBuildPhase section */
		2B21C4E0274E3BA400AAC680 /* Frameworks */ = {
			isa = PBXFrameworksBuildPhase;
			buildActionMask = 2147483647;
			files = (
			);
			runOnlyForDeploymentPostprocessing = 0;
		};
/* End PBXFrameworksBuildPhase section */

/* Begin PBXGroup section */
		2B21C4DA274E3BA400AAC680 = {
			isa = PBXGroup;
			children = (
				2B21C4E5274E3BA400AAC680 /* lesson13 */,
				2B21C4E4274E3BA400AAC680 /* Products */,
			);
			sourceTree = "<group>";
		};
		2B21C4E4274E3BA400AAC680 /* Products */ = {
			isa = PBXGroup;
			children = (
				2B21C4E3274E3BA400AAC680 /* lesson13.app */,
			);
			name = Products;
			sourceTree = "<group>";
		};
		2B21C4E5274E3BA400AAC680 /* lesson13 */ = {
			isa = PBXGroup;
			children = (
				2B21C4E6274E3BA400AAC680 /* AppDelegate.swift */,
				2B21C4E8274E3BA400AAC680 /* SceneDelegate.swift */,
				2B21C4EA274E3BA400AAC680 /* StartViewController.swift */,
				2B21C4FA274F1AAE00AAC680 /* FinishViewController.swift */,
				2B21C4EC274E3BA400AAC680 /* Main.storyboard */,
				2B21C4EF274E3BAB00AAC680 /* Assets.xcassets */,
				2B21C4F1274E3BAB00AAC680 /* LaunchScreen.storyboard */,
				2B21C4F4274E3BAB00AAC680 /* Info.plist */,
			);
			path = lesson13;
			sourceTree = "<group>";
		};
/* End PBXGroup section */

/* Begin PBXNativeTarget section */
		2B21C4E2274E3BA400AAC680 /* lesson13 */ = {
			isa = PBXNativeTarget;
			buildConfigurationList = 2B21C4F7274E3BAB00AAC680 /* Build configuration list for PBXNativeTarget "lesson13" */;
			buildPhases = (
				2B21C4DF274E3BA400AAC680 /* Sources */,
				2B21C4E0274E3BA400AAC680 /* Frameworks */,
				2B21C4E1274E3BA400AAC680 /* Resources */,
			);
			buildRules = (
			);
			dependencies = (
			);
			name = lesson13;
			productName = lesson13;
			productReference = 2B21C4E3274E3BA400AAC680 /* lesson13.app */;
			productType = "com.apple.product-type.application";
		};
/* End PBXNativeTarget section */

/* Begin PBXProject section */
		2B21C4DB274E3BA400AAC680 /* Project object */ = {
			isa = PBXProject;
			attributes = {
				LastSwiftUpdateCheck = 1250;
				LastUpgradeCheck = 1250;
				TargetAttributes = {
					2B21C4E2274E3BA400AAC680 = {
						CreatedOnToolsVersion = 12.5;
					};
				};
			};
			buildConfigurationList = 2B21C4DE274E3BA400AAC680 /* Build configuration list for PBXProject "lesson13" */;
			compatibilityVersion = "Xcode 9.3";
			developmentRegion = en;
			hasScannedForEncodings = 0;
			knownRegions = (
				en,
				Base,
			);
			mainGroup = 2B21C4DA274E3BA400AAC680;
			productRefGroup = 2B21C4E4274E3BA400AAC680 /* Products */;
			projectDirPath = "";
			projectRoot = "";
			targets = (
				2B21C4E2274E3BA400AAC680 /* lesson13 */,
			);
		};
/* End PBXProject section */

/* Begin PBXResourcesBuildPhase section */
		2B21C4E1274E3BA400AAC680 /* Resources */ = {
			isa = PBXResourcesBuildPhase;
			buildActionMask = 2147483647;
			files = (
				2B21C4F3274E3BAB00AAC680 /* LaunchScreen.storyboard in Resources */,
				2B21C4F0274E3BAB00AAC680 /* Assets.xcassets in Resources */,
				2B21C4EE274E3BA400AAC680 /* Main.storyboard in Resources */,
			);
			runOnlyForDeploymentPostprocessing = 0;
		};
/* End PBXResourcesBuildPhase section */

/* Begin PBXSourcesBuildPhase section */
		2B21C4DF274E3BA400AAC680 /* Sources */ = {
			isa = PBXSourcesBuildPhase;
			buildActionMask = 2147483647;
			files = (
				2B21C4EB274E3BA400AAC680 /* StartViewController.swift in Sources */,
				2B21C4FB274F1AAE00AAC680 /* FinishViewController.swift in Sources */,
				2B21C4E7274E3BA400AAC680 /* AppDelegate.swift in Sources */,
				2B21C4E9274E3BA400AAC680 /* SceneDelegate.swift in Sources */,
			);
			runOnlyForDeploymentPostprocessing = 0;
		};
/* End PBXSourcesBuildPhase section */

/* Begin PBXVariantGroup section */
		2B21C4EC274E3BA400AAC680 /* Main.storyboard */ = {
			isa = PBXVariantGroup;
			children = (
				2B21C4ED274E3BA400AAC680 /* Base */,
			);
			name = Main.storyboard;
			sourceTree = "<group>";
		};
		2B21C4F1274E3BAB00AAC680 /* LaunchScreen.storyboard */ = {
			isa = PBXVariantGroup;
			children = (
				2B21C4F2274E3BAB00AAC680 /* Base */,
			);
			name = LaunchScreen.storyboard;
			sourceTree = "<group>";
		};
/* End PBXVariantGroup section */

/* Begin XCBuildConfiguration section */
		2B21C4F5274E3BAB00AAC680 /* Debug */ = {
			isa = XCBuildConfiguration;
			buildSettings = {
				ALWAYS_SEARCH_USER_PATHS = NO;
				CLANG_ANALYZER_NONNULL = YES;
				CLANG_ANALYZER_NUMBER_OBJECT_CONVERSION = YES_AGGRESSIVE;
				CLANG_CXX_LANGUAGE_STANDARD = "gnu++14";
				CLANG_CXX_LIBRARY = "libc++";
				CLANG_ENABLE_MODULES = YES;
				CLANG_ENABLE_OBJC_ARC = YES;
				CLANG_ENABLE_OBJC_WEAK = YES;
				CLANG_WARN_BLOCK_CAPTURE_AUTORELEASING = YES;
				CLANG_WARN_BOOL_CONVERSION = YES;
				CLANG_WARN_COMMA = YES;
				CLANG_WARN_CONSTANT_CONVERSION = YES;
				CLANG_WARN_DEPRECATED_OBJC_IMPLEMENTATIONS = YES;
				CLANG_WARN_DIRECT_OBJC_ISA_USAGE = YES_ERROR;
				CLANG_WARN_DOCUMENTATION_COMMENTS = YES;
				CLANG_WARN_EMPTY_BODY = YES;
				CLANG_WARN_ENUM_CONVERSION = YES;
				CLANG_WARN_INFINITE_RECURSION = YES;
				CLANG_WARN_INT_CONVERSION = YES;
				CLANG_WARN_NON_LITERAL_NULL_CONVERSION = YES;
				CLANG_WARN_OBJC_IMPLICIT_RETAIN_SELF = YES;
				CLANG_WARN_OBJC_LITERAL_CONVERSION = YES;
				CLANG_WARN_OBJC_ROOT_CLASS = YES_ERROR;
				CLANG_WARN_QUOTED_INCLUDE_IN_FRAMEWORK_HEADER = YES;
				CLANG_WARN_RANGE_LOOP_ANALYSIS = YES;
				CLANG_WARN_STRICT_PROTOTYPES = YES;
				CLANG_WARN_SUSPICIOUS_MOVE = YES;
				CLANG_WARN_UNGUARDED_AVAILABILITY = YES_AGGRESSIVE;
				CLANG_WARN_UNREACHABLE_CODE = YES;
				CLANG_WARN__DUPLICATE_METHOD_MATCH = YES;
				COPY_PHASE_STRIP = NO;
				DEBUG_INFORMATION_FORMAT = dwarf;
				ENABLE_STRICT_OBJC_MSGSEND = YES;
				ENABLE_TESTABILITY = YES;
				GCC_C_LANGUAGE_STANDARD = gnu11;
				GCC_DYNAMIC_NO_PIC = NO;
				GCC_NO_COMMON_BLOCKS = YES;
				GCC_OPTIMIZATION_LEVEL = 0;
				GCC_PREPROCESSOR_DEFINITIONS = (
					"DEBUG=1",
					"$(inherited)",
				);
				GCC_WARN_64_TO_32_BIT_CONVERSION = YES;
				GCC_WARN_ABOUT_RETURN_TYPE = YES_ERROR;
				GCC_WARN_UNDECLARED_SELECTOR = YES;
				GCC_WARN_UNINITIALIZED_AUTOS = YES_AGGRESSIVE;
				GCC_WARN_UNUSED_FUNCTION = YES;
				GCC_WARN_UNUSED_VARIABLE = YES;
				IPHONEOS_DEPLOYMENT_TARGET = 14.5;
				MTL_ENABLE_DEBUG_INFO = INCLUDE_SOURCE;
				MTL_FAST_MATH = YES;
				ONLY_ACTIVE_ARCH = YES;
				SDKROOT = iphoneos;
				SWIFT_ACTIVE_COMPILATION_CONDITIONS = DEBUG;
				SWIFT_OPTIMIZATION_LEVEL = "-Onone";
			};
			name = Debug;
		};
		2B21C4F6274E3BAB00AAC680 /* Release */ = {
			isa = XCBuildConfiguration;
			buildSettings = {
				ALWAYS_SEARCH_USER_PATHS = NO;
				CLANG_ANALYZER_NONNULL = YES;
				CLANG_ANALYZER_NUMBER_OBJECT_CONVERSION = YES_AGGRESSIVE;
				CLANG_CXX_LANGUAGE_STANDARD = "gnu++14";
				CLANG_CXX_LIBRARY = "libc++";
				CLANG_ENABLE_MODULES = YES;
				CLANG_ENABLE_OBJC_ARC = YES;
				CLANG_ENABLE_OBJC_WEAK = YES;
				CLANG_WARN_BLOCK_CAPTURE_AUTORELEASING = YES;
				CLANG_WARN_BOOL_CONVERSION = YES;
				CLANG_WARN_COMMA = YES;
				CLANG_WARN_CONSTANT_CONVERSION = YES;
				CLANG_WARN_DEPRECATED_OBJC_IMPLEMENTATIONS = YES;
				CLANG_WARN_DIRECT_OBJC_ISA_USAGE = YES_ERROR;
				CLANG_WARN_DOCUMENTATION_COMMENTS = YES;
				CLANG_WARN_EMPTY_BODY = YES;
				CLANG_WARN_ENUM_CONVERSION = YES;
				CLANG_WARN_INFINITE_RECURSION = YES;
				CLANG_WARN_INT_CONVERSION = YES;
				CLANG_WARN_NON_LITERAL_NULL_CONVERSION = YES;
				CLANG_WARN_OBJC_IMPLICIT_RETAIN_SELF = YES;
				CLANG_WARN_OBJC_LITERAL_CONVERSION = YES;
				CLANG_WARN_OBJC_ROOT_CLASS = YES_ERROR;
				CLANG_WARN_QUOTED_INCLUDE_IN_FRAMEWORK_HEADER = YES;
				CLANG_WARN_RANGE_LOOP_ANALYSIS = YES;
				CLANG_WARN_STRICT_PROTOTYPES = YES;
				CLANG_WARN_SUSPICIOUS_MOVE = YES;
				CLANG_WARN_UNGUARDED_AVAILABILITY = YES_AGGRESSIVE;
				CLANG_WARN_UNREACHABLE_CODE = YES;
				CLANG_WARN__DUPLICATE_METHOD_MATCH = YES;
				COPY_PHASE_STRIP = NO;
				DEBUG_INFORMATION_FORMAT = "dwarf-with-dsym";
				ENABLE_NS_ASSERTIONS = NO;
				ENABLE_STRICT_OBJC_MSGSEND = YES;
				GCC_C_LANGUAGE_STANDARD = gnu11;
				GCC_NO_COMMON_BLOCKS = YES;
				GCC_WARN_64_TO_32_BIT_CONVERSION = YES;
				GCC_WARN_ABOUT_RETURN_TYPE = YES_ERROR;
				GCC_WARN_UNDECLARED_SELECTOR = YES;
				GCC_WARN_UNINITIALIZED_AUTOS = YES_AGGRESSIVE;
				GCC_WARN_UNUSED_FUNCTION = YES;
				GCC_WARN_UNUSED_VARIABLE = YES;
				IPHONEOS_DEPLOYMENT_TARGET = 14.5;
				MTL_ENABLE_DEBUG_INFO = NO;
				MTL_FAST_MATH = YES;
				SDKROOT = iphoneos;
				SWIFT_COMPILATION_MODE = wholemodule;
				SWIFT_OPTIMIZATION_LEVEL = "-O";
				VALIDATE_PRODUCT = YES;
			};
			name = Release;
		};
		2B21C4F8274E3BAB00AAC680 /* Debug */ = {
			isa = XCBuildConfiguration;
			buildSettings = {
				ASSETCATALOG_COMPILER_APPICON_NAME = AppIcon;
				ASSETCATALOG_COMPILER_GLOBAL_ACCENT_COLOR_NAME = AccentColor;
				CODE_SIGN_STYLE = Automatic;
				INFOPLIST_FILE = lesson13/Info.plist;
				LD_RUNPATH_SEARCH_PATHS = (
					"$(inherited)",
					"@executable_path/Frameworks",
				);
				PRODUCT_BUNDLE_IDENTIFIER = IceR.lesson13;
				PRODUCT_NAME = "$(TARGET_NAME)";
				SWIFT_VERSION = 5.0;
				TARGETED_DEVICE_FAMILY = "1,2";
			};
			name = Debug;
		};
		2B21C4F9274E3BAB00AAC680 /* Release */ = {
			isa = XCBuildConfiguration;
			buildSettings = {
				ASSETCATALOG_COMPILER_APPICON_NAME = AppIcon;
				ASSETCATALOG_COMPILER_GLOBAL_ACCENT_COLOR_NAME = AccentColor;
				CODE_SIGN_STYLE = Automatic;
				INFOPLIST_FILE = lesson13/Info.plist;
				LD_RUNPATH_SEARCH_PATHS = (
					"$(inherited)",
					"@executable_path/Frameworks",
				);
				PRODUCT_BUNDLE_IDENTIFIER = IceR.lesson13;
				PRODUCT_NAME = "$(TARGET_NAME)";
				SWIFT_VERSION = 5.0;
				TARGETED_DEVICE_FAMILY = "1,2";
			};
			name = Release;
		};
/* End XCBuildConfiguration section */

/* Begin XCConfigurationList section */
		2B21C4DE274E3BA400AAC680 /* Build configuration list for PBXProject "lesson13" */ = {
			isa = XCConfigurationList;
			buildConfigurations = (
				2B21C4F5274E3BAB00AAC680 /* Debug */,
				2B21C4F6274E3BAB00AAC680 /* Release */,
			);
			defaultConfigurationIsVisible = 0;
			defaultConfigurationName = Release;
		};
		2B21C4F7274E3BAB00AAC680 /* Build configuration list for PBXNativeTarget "lesson13" */ = {
			isa = XCConfigurationList;
			buildConfigurations = (
				2B21C4F8274E3BAB00AAC680 /* Debug */,
				2B21C4F9274E3BAB00AAC680 /* Release */,
			);
			defaultConfigurationIsVisible = 0;
			defaultConfigurationName = Release;
		};
/* End XCConfigurationList section */
	};
	rootObject = 2B21C4DB274E3BA400AAC680 /* Project object */;
}
